
Microsoft Visual Studio Solution File, Format Version 12.00
# Visual Studio Version 16
VisualStudioVersion = 16.0.30114.105
MinimumVisualStudioVersion = 10.0.40219.1
Project("{FAE04EC0-301F-11D3-BF4B-00C04F79EFBC}") = "WSPR.Rocks.Client", "WSPR.Rocks.Client\WSPR.Rocks.Client.csproj", "{33905512-0CFC-4CE3-BAAC-99BC31762918}"
EndProject
Project("{FAE04EC0-301F-11D3-BF4B-00C04F79EFBC}") = "WSPR.Rocks.Client.Tester", "WSPR.Rocks.Client.Tester\WSPR.Rocks.Client.Tester.csproj", "{2DD4BCC1-E8A1-45AA-9480-AB651ADFAC92}"
EndProject
Global
	GlobalSection(SolutionConfigurationPlatforms) = preSolution
		Debug|Any CPU = Debug|Any CPU
		Release|Any CPU = Release|Any CPU
	EndGlobalSection
	GlobalSection(SolutionProperties) = preSolution
		HideSolutionNode = FALSE
	EndGlobalSection
	GlobalSection(ProjectConfigurationPlatforms) = postSolution
		{33905512-0CFC-4CE3-BAAC-99BC31762918}.Debug|Any CPU.ActiveCfg = Debug|Any CPU
		{33905512-0CFC-4CE3-BAAC-99BC31762918}.Debug|Any CPU.Build.0 = Debug|Any CPU
		{33905512-0CFC-4CE3-BAAC-99BC31762918}.Release|Any CPU.ActiveCfg = Release|Any CPU
		{33905512-0CFC-4CE3-BAAC-99BC31762918}.Release|Any CPU.Build.0 = Release|Any CPU
		{2DD4BCC1-E8A1-45AA-9480-AB651ADFAC92}.Debug|Any CPU.ActiveCfg = Debug|Any CPU
		{2DD4BCC1-E8A1-45AA-9480-AB651ADFAC92}.Debug|Any CPU.Build.0 = Debug|Any CPU
		{2DD4BCC1-E8A1-45AA-9480-AB651ADFAC92}.Release|Any CPU.ActiveCfg = Release|Any CPU
		{2DD4BCC1-E8A1-45AA-9480-AB651ADFAC92}.Release|Any CPU.Build.0 = Release|Any CPU
	EndGlobalSection
EndGlobal
